
Microsoft Visual Studio Solution File, Format Version 12.00
# Visual Studio Version 17
VisualStudioVersion = 17.10.35027.167
MinimumVisualStudioVersion = 10.0.40219.1
Project("{FAE04EC0-301F-11D3-BF4B-00C04F79EFBC}") = "CSTS.DAL", "CSTS.DAL\CSTS.DAL.csproj", "{5E65135C-F809-446F-AB9C-1DD87CEA1FFF}"
EndProject
Project("{FAE04EC0-301F-11D3-BF4B-00C04F79EFBC}") = "CSTS.API", "CSTS.API\CSTS.API.csproj", "{9667FFC7-94C7-43C4-86BF-B140252C0AED}"
EndProject
Global
	GlobalSection(SolutionConfigurationPlatforms) = preSolution
		Debug|Any CPU = Debug|Any CPU
		Release|Any CPU = Release|Any CPU
	EndGlobalSection
	GlobalSection(ProjectConfigurationPlatforms) = postSolution
		{5E65135C-F809-446F-AB9C-1DD87CEA1FFF}.Debug|Any CPU.ActiveCfg = Debug|Any CPU
		{5E65135C-F809-446F-AB9C-1DD87CEA1FFF}.Debug|Any CPU.Build.0 = Debug|Any CPU
		{5E65135C-F809-446F-AB9C-1DD87CEA1FFF}.Release|Any CPU.ActiveCfg = Release|Any CPU
		{5E65135C-F809-446F-AB9C-1DD87CEA1FFF}.Release|Any CPU.Build.0 = Release|Any CPU
		{9667FFC7-94C7-43C4-86BF-B140252C0AED}.Debug|Any CPU.ActiveCfg = Debug|Any CPU
		{9667FFC7-94C7-43C4-86BF-B140252C0AED}.Debug|Any CPU.Build.0 = Debug|Any CPU
		{9667FFC7-94C7-43C4-86BF-B140252C0AED}.Release|Any CPU.ActiveCfg = Release|Any CPU
		{9667FFC7-94C7-43C4-86BF-B140252C0AED}.Release|Any CPU.Build.0 = Release|Any CPU
	EndGlobalSection
	GlobalSection(SolutionProperties) = preSolution
		HideSolutionNode = FALSE
	EndGlobalSection
	GlobalSection(ExtensibilityGlobals) = postSolution
		SolutionGuid = {D0D36DB5-E1AE-4F2E-84CC-50DB3BEF8473}
	EndGlobalSection
EndGlobal
